
Microsoft Visual Studio Solution File, Format Version 12.00
# Visual Studio Version 16
VisualStudioVersion = 16.0.30413.136
MinimumVisualStudioVersion = 10.0.40219.1
Project("{FAE04EC0-301F-11D3-BF4B-00C04F79EFBC}") = "chessgame", "chessgame.csproj", "{2C58BCC1-CD55-40C8-B5DD-8482560C6C04}"
EndProject
Global
	GlobalSection(SolutionConfigurationPlatforms) = preSolution
		Debug|Any CPU = Debug|Any CPU
		Release|Any CPU = Release|Any CPU
	EndGlobalSection
	GlobalSection(ProjectConfigurationPlatforms) = postSolution
		{2C58BCC1-CD55-40C8-B5DD-8482560C6C04}.Debug|Any CPU.ActiveCfg = Debug|Any CPU
		{2C58BCC1-CD55-40C8-B5DD-8482560C6C04}.Debug|Any CPU.Build.0 = Debug|Any CPU
		{2C58BCC1-CD55-40C8-B5DD-8482560C6C04}.Release|Any CPU.ActiveCfg = Release|Any CPU
		{2C58BCC1-CD55-40C8-B5DD-8482560C6C04}.Release|Any CPU.Build.0 = Release|Any CPU
	EndGlobalSection
	GlobalSection(SolutionProperties) = preSolution
		HideSolutionNode = FALSE
	EndGlobalSection
	GlobalSection(ExtensibilityGlobals) = postSolution
		SolutionGuid = {676112E8-7A24-4391-AC99-CAB9681862E7}
	EndGlobalSection
EndGlobal
